
Microsoft Visual Studio Solution File, Format Version 12.00
# Visual Studio Version 16
VisualStudioVersion = 16.0.29411.108
MinimumVisualStudioVersion = 10.0.40219.1
Project("{FAE04EC0-301F-11D3-BF4B-00C04F79EFBC}") = "UltimateWebsiteStatus", "UltimateWebsiteStatus\UltimateWebsiteStatus.csproj", "{773CC033-1EC1-42F6-83B2-AC326B998F58}"
EndProject
Global
	GlobalSection(SolutionConfigurationPlatforms) = preSolution
		Debug|Any CPU = Debug|Any CPU
		Release|Any CPU = Release|Any CPU
	EndGlobalSection
	GlobalSection(ProjectConfigurationPlatforms) = postSolution
		{773CC033-1EC1-42F6-83B2-AC326B998F58}.Debug|Any CPU.ActiveCfg = Debug|Any CPU
		{773CC033-1EC1-42F6-83B2-AC326B998F58}.Debug|Any CPU.Build.0 = Debug|Any CPU
		{773CC033-1EC1-42F6-83B2-AC326B998F58}.Release|Any CPU.ActiveCfg = Release|Any CPU
		{773CC033-1EC1-42F6-83B2-AC326B998F58}.Release|Any CPU.Build.0 = Release|Any CPU
	EndGlobalSection
	GlobalSection(SolutionProperties) = preSolution
		HideSolutionNode = FALSE
	EndGlobalSection
	GlobalSection(ExtensibilityGlobals) = postSolution
		SolutionGuid = {AD3E2C8A-3469-49DA-B6AC-47D5C557FE6E}
	EndGlobalSection
EndGlobal
